{
  "version": 4,
  "terraform_version": "0.12.16",
  "serial": 21,
  "lineage": "62757d0b-df34-d0eb-0667-a12b5bc850c4",
  "outputs": {},
  "resources": [
    {
      "mode": "managed",
      "type": "aws_internet_gateway",
      "name": "My_VPC_GW",
      "provider": "provider.aws",
      "instances": [
        {
          "schema_version": 0,
          "attributes": {
            "id": "igw-0ca03373893bf9a2d",
            "owner_id": "445659551058",
            "tags": {
              "Name": "My VPC Internet Gateway"
            },
            "vpc_id": "vpc-0d6b70763969289fe"
          },
          "private": "bnVsbA==",
          "dependencies": [
            "aws_vpc.My_VPC"
          ]
        }
      ]
    },
    {
      "mode": "managed",
      "type": "aws_network_acl",
      "name": "My_VPC_Security_ACL",
      "provider": "provider.aws",
      "instances": [
        {
          "schema_version": 0,
          "attributes": {
            "egress": [
              {
                "action": "allow",
                "cidr_block": "0.0.0.0/0",
                "from_port": 1024,
                "icmp_code": null,
                "icmp_type": null,
                "ipv6_cidr_block": "",
                "protocol": "tcp",
                "rule_no": 300,
                "to_port": 65535
              },
              {
                "action": "allow",
                "cidr_block": "0.0.0.0/0",
                "from_port": 22,
                "icmp_code": null,
                "icmp_type": null,
                "ipv6_cidr_block": "",
                "protocol": "tcp",
                "rule_no": 100,
                "to_port": 22
              },
              {
                "action": "allow",
                "cidr_block": "0.0.0.0/0",
                "from_port": 80,
                "icmp_code": null,
                "icmp_type": null,
                "ipv6_cidr_block": "",
                "protocol": "tcp",
                "rule_no": 200,
                "to_port": 80
              }
            ],
            "id": "acl-005de4c17f7734687",
            "ingress": [
              {
                "action": "allow",
                "cidr_block": "0.0.0.0/0",
                "from_port": 1024,
                "icmp_code": null,
                "icmp_type": null,
                "ipv6_cidr_block": "",
                "protocol": "tcp",
                "rule_no": 300,
                "to_port": 65535
              },
              {
                "action": "allow",
                "cidr_block": "0.0.0.0/0",
                "from_port": 22,
                "icmp_code": null,
                "icmp_type": null,
                "ipv6_cidr_block": "",
                "protocol": "tcp",
                "rule_no": 100,
                "to_port": 22
              },
              {
                "action": "allow",
                "cidr_block": "0.0.0.0/0",
                "from_port": 80,
                "icmp_code": null,
                "icmp_type": null,
                "ipv6_cidr_block": "",
                "protocol": "tcp",
                "rule_no": 200,
                "to_port": 80
              }
            ],
            "owner_id": "445659551058",
            "subnet_id": null,
            "subnet_ids": [
              "subnet-0d367c9e5bb71b801"
            ],
            "tags": {
              "Name": "My VPC ACL"
            },
            "vpc_id": "vpc-0d6b70763969289fe"
          },
          "private": "bnVsbA==",
          "dependencies": [
            "aws_subnet.My_VPC_Subnet",
            "aws_vpc.My_VPC"
          ]
        }
      ]
    },
    {
      "mode": "managed",
      "type": "aws_route",
      "name": "My_VPC_internet_access",
      "provider": "provider.aws",
      "instances": [
        {
          "schema_version": 0,
          "attributes": {
            "destination_cidr_block": "0.0.0.0/0",
            "destination_ipv6_cidr_block": null,
            "destination_prefix_list_id": "",
            "egress_only_gateway_id": "",
            "gateway_id": "igw-0ca03373893bf9a2d",
            "id": "r-rtb-053dd308addaf0a8d1080289494",
            "instance_id": "",
            "instance_owner_id": "",
            "nat_gateway_id": "",
            "network_interface_id": "",
            "origin": "CreateRoute",
            "route_table_id": "rtb-053dd308addaf0a8d",
            "state": "active",
            "timeouts": null,
            "transit_gateway_id": "",
            "vpc_peering_connection_id": ""
          },
          "private": "eyJlMmJmYjczMC1lY2FhLTExZTYtOGY4OC0zNDM2M2JjN2M0YzAiOnsiY3JlYXRlIjoxMjAwMDAwMDAwMDAsImRlbGV0ZSI6MzAwMDAwMDAwMDAwfX0=",
          "dependencies": [
            "aws_internet_gateway.My_VPC_GW",
            "aws_route_table.My_VPC_route_table",
            "aws_vpc.My_VPC"
          ]
        }
      ]
    },
    {
      "mode": "managed",
      "type": "aws_route_table",
      "name": "My_VPC_route_table",
      "provider": "provider.aws",
      "instances": [
        {
          "schema_version": 0,
          "attributes": {
            "id": "rtb-053dd308addaf0a8d",
            "owner_id": "445659551058",
            "propagating_vgws": [],
            "route": [],
            "tags": {
              "Name": "My VPC Route Table"
            },
            "vpc_id": "vpc-0d6b70763969289fe"
          },
          "private": "bnVsbA==",
          "dependencies": [
            "aws_vpc.My_VPC"
          ]
        }
      ]
    },
    {
      "mode": "managed",
      "type": "aws_route_table_association",
      "name": "My_VPC_association",
      "provider": "provider.aws",
      "instances": [
        {
          "schema_version": 0,
          "attributes": {
            "id": "rtbassoc-0bc46960bcdb6eef9",
            "route_table_id": "rtb-053dd308addaf0a8d",
            "subnet_id": "subnet-0d367c9e5bb71b801"
          },
          "private": "bnVsbA==",
          "dependencies": [
            "aws_route_table.My_VPC_route_table",
            "aws_subnet.My_VPC_Subnet",
            "aws_vpc.My_VPC"
          ]
        }
      ]
    },
    {
      "mode": "managed",
      "type": "aws_security_group",
      "name": "My_VPC_Security_Group",
      "provider": "provider.aws",
      "instances": [
        {
          "schema_version": 1,
          "attributes": {
            "arn": "arn:aws:ec2:us-east-1:445659551058:security-group/sg-03d1be94c33afb76b",
            "description": "My VPC Security Group",
            "egress": [
              {
                "cidr_blocks": [
                  "0.0.0.0/0"
                ],
                "description": "",
                "from_port": 0,
                "ipv6_cidr_blocks": [],
                "prefix_list_ids": [],
                "protocol": "-1",
                "security_groups": [],
                "self": false,
                "to_port": 0
              }
            ],
            "id": "sg-03d1be94c33afb76b",
            "ingress": [
              {
                "cidr_blocks": [
                  "0.0.0.0/0"
                ],
                "description": "",
                "from_port": 22,
                "ipv6_cidr_blocks": [],
                "prefix_list_ids": [],
                "protocol": "tcp",
                "security_groups": [],
                "self": false,
                "to_port": 22
              }
            ],
            "name": "My VPC Security Group",
            "name_prefix": null,
            "owner_id": "445659551058",
            "revoke_rules_on_delete": false,
            "tags": {
              "Description": "My VPC Security Group",
              "Name": "My VPC Security Group"
            },
            "timeouts": null,
            "vpc_id": "vpc-0d6b70763969289fe"
          },
          "private": "eyJlMmJmYjczMC1lY2FhLTExZTYtOGY4OC0zNDM2M2JjN2M0YzAiOnsiY3JlYXRlIjo2MDAwMDAwMDAwMDAsImRlbGV0ZSI6NjAwMDAwMDAwMDAwfSwic2NoZW1hX3ZlcnNpb24iOiIxIn0=",
          "dependencies": [
            "aws_vpc.My_VPC"
          ]
        }
      ]
    },
    {
      "mode": "managed",
      "type": "aws_subnet",
      "name": "My_VPC_Subnet",
      "provider": "provider.aws",
      "instances": [
        {
          "schema_version": 1,
          "attributes": {
            "arn": "arn:aws:ec2:us-east-1:445659551058:subnet/subnet-0d367c9e5bb71b801",
            "assign_ipv6_address_on_creation": false,
            "availability_zone": "us-east-1a",
            "availability_zone_id": "use1-az2",
            "cidr_block": "10.0.1.0/24",
            "id": "subnet-0d367c9e5bb71b801",
            "ipv6_cidr_block": "",
            "ipv6_cidr_block_association_id": "",
            "map_public_ip_on_launch": true,
            "owner_id": "445659551058",
            "tags": {
              "Name": "My VPC Subnet"
            },
            "timeouts": null,
            "vpc_id": "vpc-0d6b70763969289fe"
          },
          "private": "eyJlMmJmYjczMC1lY2FhLTExZTYtOGY4OC0zNDM2M2JjN2M0YzAiOnsiY3JlYXRlIjo2MDAwMDAwMDAwMDAsImRlbGV0ZSI6MTIwMDAwMDAwMDAwMH0sInNjaGVtYV92ZXJzaW9uIjoiMSJ9",
          "dependencies": [
            "aws_vpc.My_VPC"
          ]
        }
      ]
    },
    {
      "mode": "managed",
      "type": "aws_vpc",
      "name": "My_VPC",
      "provider": "provider.aws",
      "instances": [
        {
          "schema_version": 1,
          "attributes": {
            "arn": "arn:aws:ec2:us-east-1:445659551058:vpc/vpc-0d6b70763969289fe",
            "assign_generated_ipv6_cidr_block": false,
            "cidr_block": "10.0.0.0/16",
            "default_network_acl_id": "acl-010a8c72f9a19426c",
            "default_route_table_id": "rtb-0b16f585941f2c4f8",
            "default_security_group_id": "sg-059bd595a8303325a",
            "dhcp_options_id": "dopt-922936e9",
            "enable_classiclink": false,
            "enable_classiclink_dns_support": false,
            "enable_dns_hostnames": true,
            "enable_dns_support": true,
            "id": "vpc-0d6b70763969289fe",
            "instance_tenancy": "default",
            "ipv6_association_id": "",
            "ipv6_cidr_block": "",
            "main_route_table_id": "rtb-0b16f585941f2c4f8",
            "owner_id": "445659551058",
            "tags": {
              "Name": "My VPC"
            }
          },
          "private": "eyJzY2hlbWFfdmVyc2lvbiI6IjEifQ=="
        }
      ]
    }
  ]
}
